
Microsoft Visual Studio Solution File, Format Version 12.00
# Visual Studio Version 17
VisualStudioVersion = 17.2.32526.322
MinimumVisualStudioVersion = 10.0.40219.1
Project("{9A19103F-16F7-4668-BE54-9A1E7A4F7556}") = "BM001", "BasicMokymai\BM001.csproj", "{3FBB6C20-AD39-41DD-A849-D382D714F994}"
EndProject
Project("{9A19103F-16F7-4668-BE54-9A1E7A4F7556}") = "BM002", "BM002\BM002.csproj", "{A6617365-DA2D-4B41-9305-0B2F9467299B}"
EndProject
Project("{9A19103F-16F7-4668-BE54-9A1E7A4F7556}") = "BM003", "BM003\BM003.csproj", "{C592499C-1F23-4274-9F2D-3C0AA17FE4F1}"
EndProject
Project("{9A19103F-16F7-4668-BE54-9A1E7A4F7556}") = "BM004", "BM004\BM004.csproj", "{1743A940-B3CB-423B-8D93-A0649B6F044B}"
EndProject
Project("{9A19103F-16F7-4668-BE54-9A1E7A4F7556}") = "BM005", "BM005\BM005.csproj", "{F7529B32-1C52-4994-8DD0-D57F42919FE6}"
EndProject
Project("{9A19103F-16F7-4668-BE54-9A1E7A4F7556}") = "BM006", "BM006\BM006.csproj", "{87404227-2B60-4EBC-836E-E3109261F2DA}"
EndProject
Project("{9A19103F-16F7-4668-BE54-9A1E7A4F7556}") = "BM007", "BM007\BM007.csproj", "{E73C298E-6F35-4F53-87C5-B068D2E7BF17}"
EndProject
Project("{FAE04EC0-301F-11D3-BF4B-00C04F79EFBC}") = "BM008", "BM008\BM008.csproj", "{3E8A663C-50BB-4E8D-B1D7-62671A95C5CE}"
EndProject
Global
	GlobalSection(SolutionConfigurationPlatforms) = preSolution
		Debug|Any CPU = Debug|Any CPU
		Release|Any CPU = Release|Any CPU
	EndGlobalSection
	GlobalSection(ProjectConfigurationPlatforms) = postSolution
		{3FBB6C20-AD39-41DD-A849-D382D714F994}.Debug|Any CPU.ActiveCfg = Debug|Any CPU
		{3FBB6C20-AD39-41DD-A849-D382D714F994}.Debug|Any CPU.Build.0 = Debug|Any CPU
		{3FBB6C20-AD39-41DD-A849-D382D714F994}.Release|Any CPU.ActiveCfg = Release|Any CPU
		{3FBB6C20-AD39-41DD-A849-D382D714F994}.Release|Any CPU.Build.0 = Release|Any CPU
		{A6617365-DA2D-4B41-9305-0B2F9467299B}.Debug|Any CPU.ActiveCfg = Debug|Any CPU
		{A6617365-DA2D-4B41-9305-0B2F9467299B}.Debug|Any CPU.Build.0 = Debug|Any CPU
		{A6617365-DA2D-4B41-9305-0B2F9467299B}.Release|Any CPU.ActiveCfg = Release|Any CPU
		{A6617365-DA2D-4B41-9305-0B2F9467299B}.Release|Any CPU.Build.0 = Release|Any CPU
		{C592499C-1F23-4274-9F2D-3C0AA17FE4F1}.Debug|Any CPU.ActiveCfg = Debug|Any CPU
		{C592499C-1F23-4274-9F2D-3C0AA17FE4F1}.Debug|Any CPU.Build.0 = Debug|Any CPU
		{C592499C-1F23-4274-9F2D-3C0AA17FE4F1}.Release|Any CPU.ActiveCfg = Release|Any CPU
		{C592499C-1F23-4274-9F2D-3C0AA17FE4F1}.Release|Any CPU.Build.0 = Release|Any CPU
		{1743A940-B3CB-423B-8D93-A0649B6F044B}.Debug|Any CPU.ActiveCfg = Debug|Any CPU
		{1743A940-B3CB-423B-8D93-A0649B6F044B}.Debug|Any CPU.Build.0 = Debug|Any CPU
		{1743A940-B3CB-423B-8D93-A0649B6F044B}.Release|Any CPU.ActiveCfg = Release|Any CPU
		{1743A940-B3CB-423B-8D93-A0649B6F044B}.Release|Any CPU.Build.0 = Release|Any CPU
		{F7529B32-1C52-4994-8DD0-D57F42919FE6}.Debug|Any CPU.ActiveCfg = Debug|Any CPU
		{F7529B32-1C52-4994-8DD0-D57F42919FE6}.Debug|Any CPU.Build.0 = Debug|Any CPU
		{F7529B32-1C52-4994-8DD0-D57F42919FE6}.Release|Any CPU.ActiveCfg = Release|Any CPU
		{F7529B32-1C52-4994-8DD0-D57F42919FE6}.Release|Any CPU.Build.0 = Release|Any CPU
		{87404227-2B60-4EBC-836E-E3109261F2DA}.Debug|Any CPU.ActiveCfg = Debug|Any CPU
		{87404227-2B60-4EBC-836E-E3109261F2DA}.Debug|Any CPU.Build.0 = Debug|Any CPU
		{87404227-2B60-4EBC-836E-E3109261F2DA}.Release|Any CPU.ActiveCfg = Release|Any CPU
		{87404227-2B60-4EBC-836E-E3109261F2DA}.Release|Any CPU.Build.0 = Release|Any CPU
		{E73C298E-6F35-4F53-87C5-B068D2E7BF17}.Debug|Any CPU.ActiveCfg = Debug|Any CPU
		{E73C298E-6F35-4F53-87C5-B068D2E7BF17}.Debug|Any CPU.Build.0 = Debug|Any CPU
		{E73C298E-6F35-4F53-87C5-B068D2E7BF17}.Release|Any CPU.ActiveCfg = Release|Any CPU
		{E73C298E-6F35-4F53-87C5-B068D2E7BF17}.Release|Any CPU.Build.0 = Release|Any CPU
		{3E8A663C-50BB-4E8D-B1D7-62671A95C5CE}.Debug|Any CPU.ActiveCfg = Debug|Any CPU
		{3E8A663C-50BB-4E8D-B1D7-62671A95C5CE}.Debug|Any CPU.Build.0 = Debug|Any CPU
		{3E8A663C-50BB-4E8D-B1D7-62671A95C5CE}.Release|Any CPU.ActiveCfg = Release|Any CPU
		{3E8A663C-50BB-4E8D-B1D7-62671A95C5CE}.Release|Any CPU.Build.0 = Release|Any CPU
	EndGlobalSection
	GlobalSection(SolutionProperties) = preSolution
		HideSolutionNode = FALSE
	EndGlobalSection
	GlobalSection(ExtensibilityGlobals) = postSolution
		SolutionGuid = {ED673C03-89C3-4B5B-A119-687C1C3AF1CC}
	EndGlobalSection
EndGlobal
